// !$*UTF8*$!
{
	archiveVersion = 1;
	classes = {
	};
	objectVersion = 46;
	objects = {

/* Begin PBXBuildFile section */
		CD1B18221D9B3A1200003507 /* AppDelegate.swift in Sources */ = {isa = PBXBuildFile; fileRef = CD1B18211D9B3A1200003507 /* AppDelegate.swift */; };
		CD1B18241D9B3A1200003507 /* MainVC.swift in Sources */ = {isa = PBXBuildFile; fileRef = CD1B18231D9B3A1200003507 /* MainVC.swift */; };
		CD1B18271D9B3A1200003507 /* Main.storyboard in Resources */ = {isa = PBXBuildFile; fileRef = CD1B18251D9B3A1200003507 /* Main.storyboard */; };
		CD1B18291D9B3A1200003507 /* Assets.xcassets in Resources */ = {isa = PBXBuildFile; fileRef = CD1B18281D9B3A1200003507 /* Assets.xcassets */; };
		CD1B182C1D9B3A1200003507 /* LaunchScreen.storyboard in Resources */ = {isa = PBXBuildFile; fileRef = CD1B182A1D9B3A1200003507 /* LaunchScreen.storyboard */; };
		CD38B4C71D9B75500004E33A /* still time.ttf in Resources */ = {isa = PBXBuildFile; fileRef = CD38B4C61D9B75500004E33A /* still time.ttf */; };
		CD38B4CA1D9B77280004E33A /* VideoVC.swift in Sources */ = {isa = PBXBuildFile; fileRef = CD38B4C91D9B77280004E33A /* VideoVC.swift */; };
		CD38B4CC1D9B78AC0004E33A /* PartyCell.swift in Sources */ = {isa = PBXBuildFile; fileRef = CD38B4CB1D9B78AC0004E33A /* PartyCell.swift */; };
		CD38B4CE1D9B7B420004E33A /* PartySong.swift in Sources */ = {isa = PBXBuildFile; fileRef = CD38B4CD1D9B7B420004E33A /* PartySong.swift */; };
/* End PBXBuildFile section */

/* Begin PBXFileReference section */
		CD1B181E1D9B3A1200003507 /* party_rock.app */ = {isa = PBXFileReference; explicitFileType = wrapper.application; includeInIndex = 0; path = party_rock.app; sourceTree = BUILT_PRODUCTS_DIR; };
		CD1B18211D9B3A1200003507 /* AppDelegate.swift */ = {isa = PBXFileReference; lastKnownFileType = sourcecode.swift; path = AppDelegate.swift; sourceTree = "<group>"; };
		CD1B18231D9B3A1200003507 /* MainVC.swift */ = {isa = PBXFileReference; lastKnownFileType = sourcecode.swift; name = MainVC.swift; path = party_rock/MainVC.swift; sourceTree = "<group>"; };
		CD1B18261D9B3A1200003507 /* Base */ = {isa = PBXFileReference; lastKnownFileType = file.storyboard; name = Base; path = Base.lproj/Main.storyboard; sourceTree = "<group>"; };
		CD1B18281D9B3A1200003507 /* Assets.xcassets */ = {isa = PBXFileReference; lastKnownFileType = folder.assetcatalog; path = Assets.xcassets; sourceTree = "<group>"; };
		CD1B182B1D9B3A1200003507 /* Base */ = {isa = PBXFileReference; lastKnownFileType = file.storyboard; name = Base; path = Base.lproj/LaunchScreen.storyboard; sourceTree = "<group>"; };
		CD1B182D1D9B3A1200003507 /* Info.plist */ = {isa = PBXFileReference; lastKnownFileType = text.plist.xml; path = Info.plist; sourceTree = "<group>"; };
		CD38B4C61D9B75500004E33A /* still time.ttf */ = {isa = PBXFileReference; lastKnownFileType = file; name = "still time.ttf"; path = "party_rock/still time.ttf"; sourceTree = "<group>"; };
		CD38B4C91D9B77280004E33A /* VideoVC.swift */ = {isa = PBXFileReference; fileEncoding = 4; lastKnownFileType = sourcecode.swift; path = VideoVC.swift; sourceTree = "<group>"; };
		CD38B4CB1D9B78AC0004E33A /* PartyCell.swift */ = {isa = PBXFileReference; fileEncoding = 4; lastKnownFileType = sourcecode.swift; path = PartyCell.swift; sourceTree = "<group>"; };
		CD38B4CD1D9B7B420004E33A /* PartySong.swift */ = {isa = PBXFileReference; fileEncoding = 4; lastKnownFileType = sourcecode.swift; path = PartySong.swift; sourceTree = "<group>"; };
/* End PBXFileReference section */

/* Begin PBXFrameworksBuildPhase section */
		CD1B181B1D9B3A1200003507 /* Frameworks */ = {
			isa = PBXFrameworksBuildPhase;
			buildActionMask = 2147483647;
			files = (
			);
			runOnlyForDeploymentPostprocessing = 0;
		};
/* End PBXFrameworksBuildPhase section */

/* Begin PBXGroup section */
		CD1B18151D9B3A1200003507 = {
			isa = PBXGroup;
			children = (
				CD38B4C81D9B75550004E33A /* Files */,
				CD1B18201D9B3A1200003507 /* party_rock */,
				CD1B181F1D9B3A1200003507 /* Products */,
			);
			sourceTree = "<group>";
		};
		CD1B181F1D9B3A1200003507 /* Products */ = {
			isa = PBXGroup;
			children = (
				CD1B181E1D9B3A1200003507 /* party_rock.app */,
			);
			name = Products;
			sourceTree = "<group>";
		};
		CD1B18201D9B3A1200003507 /* party_rock */ = {
			isa = PBXGroup;
			children = (
				CD1B18351D9B3A2C00003507 /* Model */,
				CD1B18341D9B3A2700003507 /* View */,
				CD1B18331D9B3A1C00003507 /* Controller */,
				CD1B18211D9B3A1200003507 /* AppDelegate.swift */,
				CD1B18251D9B3A1200003507 /* Main.storyboard */,
				CD1B18281D9B3A1200003507 /* Assets.xcassets */,
				CD1B182A1D9B3A1200003507 /* LaunchScreen.storyboard */,
				CD1B182D1D9B3A1200003507 /* Info.plist */,
			);
			path = party_rock;
			sourceTree = "<group>";
		};
		CD1B18331D9B3A1C00003507 /* Controller */ = {
			isa = PBXGroup;
			children = (
				CD1B18231D9B3A1200003507 /* MainVC.swift */,
				CD38B4C91D9B77280004E33A /* VideoVC.swift */,
			);
			name = Controller;
			path = ..;
			sourceTree = "<group>";
		};
		CD1B18341D9B3A2700003507 /* View */ = {
			isa = PBXGroup;
			children = (
				CD38B4CB1D9B78AC0004E33A /* PartyCell.swift */,
			);
			name = View;
			path = ..;
			sourceTree = "<group>";
		};
		CD1B18351D9B3A2C00003507 /* Model */ = {
			isa = PBXGroup;
			children = (
				CD38B4CD1D9B7B420004E33A /* PartySong.swift */,
			);
			name = Model;
			path = ..;
			sourceTree = "<group>";
		};
		CD38B4C81D9B75550004E33A /* Files */ = {
			isa = PBXGroup;
			children = (
				CD38B4C61D9B75500004E33A /* still time.ttf */,
			);
			name = Files;
			sourceTree = "<group>";
		};
/* End PBXGroup section */

/* Begin PBXNativeTarget section */
		CD1B181D1D9B3A1200003507 /* party_rock */ = {
			isa = PBXNativeTarget;
			buildConfigurationList = CD1B18301D9B3A1200003507 /* Build configuration list for PBXNativeTarget "party_rock" */;
			buildPhases = (
				CD1B181A1D9B3A1200003507 /* Sources */,
				CD1B181B1D9B3A1200003507 /* Frameworks */,
				CD1B181C1D9B3A1200003507 /* Resources */,
			);
			buildRules = (
			);
			dependencies = (
			);
			name = party_rock;
			productName = party_rock;
			productReference = CD1B181E1D9B3A1200003507 /* party_rock.app */;
			productType = "com.apple.product-type.application";
		};
/* End PBXNativeTarget section */

/* Begin PBXProject section */
		CD1B18161D9B3A1200003507 /* Project object */ = {
			isa = PBXProject;
			attributes = {
				LastSwiftUpdateCheck = 0800;
				LastUpgradeCheck = 0800;
				ORGANIZATIONNAME = "Sam Jones";
				TargetAttributes = {
					CD1B181D1D9B3A1200003507 = {
						CreatedOnToolsVersion = 8.0;
						DevelopmentTeam = C42YWMHWSL;
						ProvisioningStyle = Automatic;
					};
				};
			};
			buildConfigurationList = CD1B18191D9B3A1200003507 /* Build configuration list for PBXProject "party_rock" */;
			compatibilityVersion = "Xcode 3.2";
			developmentRegion = English;
			hasScannedForEncodings = 0;
			knownRegions = (
				en,
				Base,
			);
			mainGroup = CD1B18151D9B3A1200003507;
			productRefGroup = CD1B181F1D9B3A1200003507 /* Products */;
			projectDirPath = "";
			projectRoot = "";
			targets = (
				CD1B181D1D9B3A1200003507 /* party_rock */,
			);
		};
/* End PBXProject section */

/* Begin PBXResourcesBuildPhase section */
		CD1B181C1D9B3A1200003507 /* Resources */ = {
			isa = PBXResourcesBuildPhase;
			buildActionMask = 2147483647;
			files = (
				CD1B182C1D9B3A1200003507 /* LaunchScreen.storyboard in Resources */,
				CD38B4C71D9B75500004E33A /* still time.ttf in Resources */,
				CD1B18291D9B3A1200003507 /* Assets.xcassets in Resources */,
				CD1B18271D9B3A1200003507 /* Main.storyboard in Resources */,
			);
			runOnlyForDeploymentPostprocessing = 0;
		};
/* End PBXResourcesBuildPhase section */

/* Begin PBXSourcesBuildPhase section */
		CD1B181A1D9B3A1200003507 /* Sources */ = {
			isa = PBXSourcesBuildPhase;
			buildActionMask = 2147483647;
			files = (
				CD38B4CA1D9B77280004E33A /* VideoVC.swift in Sources */,
				CD38B4CE1D9B7B420004E33A /* PartySong.swift in Sources */,
				CD1B18241D9B3A1200003507 /* MainVC.swift in Sources */,
				CD38B4CC1D9B78AC0004E33A /* PartyCell.swift in Sources */,
				CD1B18221D9B3A1200003507 /* AppDelegate.swift in Sources */,
			);
			runOnlyForDeploymentPostprocessing = 0;
		};
/* End PBXSourcesBuildPhase section */

/* Begin PBXVariantGroup section */
		CD1B18251D9B3A1200003507 /* Main.storyboard */ = {
			isa = PBXVariantGroup;
			children = (
				CD1B18261D9B3A1200003507 /* Base */,
			);
			name = Main.storyboard;
			sourceTree = "<group>";
		};
		CD1B182A1D9B3A1200003507 /* LaunchScreen.storyboard */ = {
			isa = PBXVariantGroup;
			children = (
				CD1B182B1D9B3A1200003507 /* Base */,
			);
			name = LaunchScreen.storyboard;
			sourceTree = "<group>";
		};
/* End PBXVariantGroup section */

/* Begin XCBuildConfiguration section */
		CD1B182E1D9B3A1200003507 /* Debug */ = {
			isa = XCBuildConfiguration;
			buildSettings = {
				ALWAYS_SEARCH_USER_PATHS = NO;
				CLANG_ANALYZER_NONNULL = YES;
				CLANG_CXX_LANGUAGE_STANDARD = "gnu++0x";
				CLANG_CXX_LIBRARY = "libc++";
				CLANG_ENABLE_MODULES = YES;
				CLANG_ENABLE_OBJC_ARC = YES;
				CLANG_WARN_BOOL_CONVERSION = YES;
				CLANG_WARN_CONSTANT_CONVERSION = YES;
				CLANG_WARN_DIRECT_OBJC_ISA_USAGE = YES_ERROR;
				CLANG_WARN_DOCUMENTATION_COMMENTS = YES;
				CLANG_WARN_EMPTY_BODY = YES;
				CLANG_WARN_ENUM_CONVERSION = YES;
				CLANG_WARN_INFINITE_RECURSION = YES;
				CLANG_WARN_INT_CONVERSION = YES;
				CLANG_WARN_OBJC_ROOT_CLASS = YES_ERROR;
				CLANG_WARN_SUSPICIOUS_MOVES = YES;
				CLANG_WARN_UNREACHABLE_CODE = YES;
				CLANG_WARN__DUPLICATE_METHOD_MATCH = YES;
				"CODE_SIGN_IDENTITY[sdk=iphoneos*]" = "iPhone Developer";
				COPY_PHASE_STRIP = NO;
				DEBUG_INFORMATION_FORMAT = dwarf;
				ENABLE_STRICT_OBJC_MSGSEND = YES;
				ENABLE_TESTABILITY = YES;
				GCC_C_LANGUAGE_STANDARD = gnu99;
				GCC_DYNAMIC_NO_PIC = NO;
				GCC_NO_COMMON_BLOCKS = YES;
				GCC_OPTIMIZATION_LEVEL = 0;
				GCC_PREPROCESSOR_DEFINITIONS = (
					"DEBUG=1",
					"$(inherited)",
				);
				GCC_WARN_64_TO_32_BIT_CONVERSION = YES;
				GCC_WARN_ABOUT_RETURN_TYPE = YES_ERROR;
				GCC_WARN_UNDECLARED_SELECTOR = YES;
				GCC_WARN_UNINITIALIZED_AUTOS = YES_AGGRESSIVE;
				GCC_WARN_UNUSED_FUNCTION = YES;
				GCC_WARN_UNUSED_VARIABLE = YES;
				IPHONEOS_DEPLOYMENT_TARGET = 10.0;
				MTL_ENABLE_DEBUG_INFO = YES;
				ONLY_ACTIVE_ARCH = YES;
				SDKROOT = iphoneos;
				SWIFT_ACTIVE_COMPILATION_CONDITIONS = DEBUG;
				SWIFT_OPTIMIZATION_LEVEL = "-Onone";
				TARGETED_DEVICE_FAMILY = "1,2";
			};
			name = Debug;
		};
		CD1B182F1D9B3A1200003507 /* Release */ = {
			isa = XCBuildConfiguration;
			buildSettings = {
				ALWAYS_SEARCH_USER_PATHS = NO;
				CLANG_ANALYZER_NONNULL = YES;
				CLANG_CXX_LANGUAGE_STANDARD = "gnu++0x";
				CLANG_CXX_LIBRARY = "libc++";
				CLANG_ENABLE_MODULES = YES;
				CLANG_ENABLE_OBJC_ARC = YES;
				CLANG_WARN_BOOL_CONVERSION = YES;
				CLANG_WARN_CONSTANT_CONVERSION = YES;
				CLANG_WARN_DIRECT_OBJC_ISA_USAGE = YES_ERROR;
				CLANG_WARN_DOCUMENTATION_COMMENTS = YES;
				CLANG_WARN_EMPTY_BODY = YES;
				CLANG_WARN_ENUM_CONVERSION = YES;
				CLANG_WARN_INFINITE_RECURSION = YES;
				CLANG_WARN_INT_CONVERSION = YES;
				CLANG_WARN_OBJC_ROOT_CLASS = YES_ERROR;
				CLANG_WARN_SUSPICIOUS_MOVES = YES;
				CLANG_WARN_UNREACHABLE_CODE = YES;
				CLANG_WARN__DUPLICATE_METHOD_MATCH = YES;
				"CODE_SIGN_IDENTITY[sdk=iphoneos*]" = "iPhone Developer";
				COPY_PHASE_STRIP = NO;
				DEBUG_INFORMATION_FORMAT = "dwarf-with-dsym";
				ENABLE_NS_ASSERTIONS = NO;
				ENABLE_STRICT_OBJC_MSGSEND = YES;
				GCC_C_LANGUAGE_STANDARD = gnu99;
				GCC_NO_COMMON_BLOCKS = YES;
				GCC_WARN_64_TO_32_BIT_CONVERSION = YES;
				GCC_WARN_ABOUT_RETURN_TYPE = YES_ERROR;
				GCC_WARN_UNDECLARED_SELECTOR = YES;
				GCC_WARN_UNINITIALIZED_AUTOS = YES_AGGRESSIVE;
				GCC_WARN_UNUSED_FUNCTION = YES;
				GCC_WARN_UNUSED_VARIABLE = YES;
				IPHONEOS_DEPLOYMENT_TARGET = 10.0;
				MTL_ENABLE_DEBUG_INFO = NO;
				SDKROOT = iphoneos;
				SWIFT_OPTIMIZATION_LEVEL = "-Owholemodule";
				TARGETED_DEVICE_FAMILY = "1,2";
				VALIDATE_PRODUCT = YES;
			};
			name = Release;
		};
		CD1B18311D9B3A1200003507 /* Debug */ = {
			isa = XCBuildConfiguration;
			buildSettings = {
				ASSETCATALOG_COMPILER_APPICON_NAME = AppIcon;
				DEVELOPMENT_TEAM = C42YWMHWSL;
				INFOPLIST_FILE = party_rock/Info.plist;
				LD_RUNPATH_SEARCH_PATHS = "$(inherited) @executable_path/Frameworks";
				PRODUCT_BUNDLE_IDENTIFIER = "com.test.party-rock";
				PRODUCT_NAME = "$(TARGET_NAME)";
				SWIFT_VERSION = 3.0;
			};
			name = Debug;
		};
		CD1B18321D9B3A1200003507 /* Release */ = {
			isa = XCBuildConfiguration;
			buildSettings = {
				ASSETCATALOG_COMPILER_APPICON_NAME = AppIcon;
				DEVELOPMENT_TEAM = C42YWMHWSL;
				INFOPLIST_FILE = party_rock/Info.plist;
				LD_RUNPATH_SEARCH_PATHS = "$(inherited) @executable_path/Frameworks";
				PRODUCT_BUNDLE_IDENTIFIER = "com.test.party-rock";
				PRODUCT_NAME = "$(TARGET_NAME)";
				SWIFT_VERSION = 3.0;
			};
			name = Release;
		};
/* End XCBuildConfiguration section */

/* Begin XCConfigurationList section */
		CD1B18191D9B3A1200003507 /* Build configuration list for PBXProject "party_rock" */ = {
			isa = XCConfigurationList;
			buildConfigurations = (
				CD1B182E1D9B3A1200003507 /* Debug */,
				CD1B182F1D9B3A1200003507 /* Release */,
			);
			defaultConfigurationIsVisible = 0;
			defaultConfigurationName = Release;
		};
		CD1B18301D9B3A1200003507 /* Build configuration list for PBXNativeTarget "party_rock" */ = {
			isa = XCConfigurationList;
			buildConfigurations = (
				CD1B18311D9B3A1200003507 /* Debug */,
				CD1B18321D9B3A1200003507 /* Release */,
			);
			defaultConfigurationIsVisible = 0;
			defaultConfigurationName = Release;
		};
/* End XCConfigurationList section */
	};
	rootObject = CD1B18161D9B3A1200003507 /* Project object */;
}
